
Microsoft Visual Studio Solution File, Format Version 12.00
# Visual Studio 15
VisualStudioVersion = 15.0.28307.1340
MinimumVisualStudioVersion = 10.0.40219.1
Project("{FAE04EC0-301F-11D3-BF4B-00C04F79EFBC}") = "D2RIPTool", "D2RIPTool\D2RIPTool.csproj", "{67DBB230-C911-46FA-AD31-B21766F4D005}"
EndProject
Global
	GlobalSection(SolutionConfigurationPlatforms) = preSolution
		Debug|Any CPU = Debug|Any CPU
		Release|Any CPU = Release|Any CPU
	EndGlobalSection
	GlobalSection(ProjectConfigurationPlatforms) = postSolution
		{67DBB230-C911-46FA-AD31-B21766F4D005}.Debug|Any CPU.ActiveCfg = Debug|Any CPU
		{67DBB230-C911-46FA-AD31-B21766F4D005}.Debug|Any CPU.Build.0 = Debug|Any CPU
		{67DBB230-C911-46FA-AD31-B21766F4D005}.Release|Any CPU.ActiveCfg = Release|Any CPU
		{67DBB230-C911-46FA-AD31-B21766F4D005}.Release|Any CPU.Build.0 = Release|Any CPU
	EndGlobalSection
	GlobalSection(SolutionProperties) = preSolution
		HideSolutionNode = FALSE
	EndGlobalSection
	GlobalSection(ExtensibilityGlobals) = postSolution
		SolutionGuid = {25A52420-DEE2-4F53-AF0F-F3B2991E4C25}
	EndGlobalSection
EndGlobal
